
Microsoft Visual Studio Solution File, Format Version 12.00
# Visual Studio Version 16
VisualStudioVersion = 16.0.28803.352
MinimumVisualStudioVersion = 10.0.40219.1
Project("{FAE04EC0-301F-11D3-BF4B-00C04F79EFBC}") = "WindowsFormsControlLibrary1", "WindowsFormsControlLibrary1.csproj", "{62189FDD-F8AB-46C2-B635-AC3C22618058}"
EndProject
Global
	GlobalSection(SolutionConfigurationPlatforms) = preSolution
		Debug|Any CPU = Debug|Any CPU
		Release|Any CPU = Release|Any CPU
	EndGlobalSection
	GlobalSection(ProjectConfigurationPlatforms) = postSolution
		{62189FDD-F8AB-46C2-B635-AC3C22618058}.Debug|Any CPU.ActiveCfg = Debug|Any CPU
		{62189FDD-F8AB-46C2-B635-AC3C22618058}.Debug|Any CPU.Build.0 = Debug|Any CPU
		{62189FDD-F8AB-46C2-B635-AC3C22618058}.Release|Any CPU.ActiveCfg = Release|Any CPU
		{62189FDD-F8AB-46C2-B635-AC3C22618058}.Release|Any CPU.Build.0 = Release|Any CPU
	EndGlobalSection
	GlobalSection(SolutionProperties) = preSolution
		HideSolutionNode = FALSE
	EndGlobalSection
	GlobalSection(ExtensibilityGlobals) = postSolution
		SolutionGuid = {0B88AE9D-C0D3-4BA4-8593-9454648F457D}
	EndGlobalSection
EndGlobal
